
Microsoft Visual Studio Solution File, Format Version 12.00
# Visual Studio Version 17
VisualStudioVersion = 17.13.35931.197 d17.13
MinimumVisualStudioVersion = 10.0.40219.1
Project("{FAE04EC0-301F-11D3-BF4B-00C04F79EFBC}") = "Utils", "Utils\Utils.csproj", "{504B95A2-1473-42A5-B344-0669B99BB6A4}"
EndProject
Project("{FAE04EC0-301F-11D3-BF4B-00C04F79EFBC}") = "Utils.Tests", "Utils.Tests\Utils.Tests.csproj", "{230EF9C6-C385-48B9-83D3-BAD59728032A}"
EndProject
Global
	GlobalSection(SolutionConfigurationPlatforms) = preSolution
		Debug|Any CPU = Debug|Any CPU
		Release|Any CPU = Release|Any CPU
	EndGlobalSection
	GlobalSection(ProjectConfigurationPlatforms) = postSolution
		{504B95A2-1473-42A5-B344-0669B99BB6A4}.Debug|Any CPU.ActiveCfg = Debug|Any CPU
		{504B95A2-1473-42A5-B344-0669B99BB6A4}.Debug|Any CPU.Build.0 = Debug|Any CPU
		{504B95A2-1473-42A5-B344-0669B99BB6A4}.Release|Any CPU.ActiveCfg = Release|Any CPU
		{504B95A2-1473-42A5-B344-0669B99BB6A4}.Release|Any CPU.Build.0 = Release|Any CPU
		{230EF9C6-C385-48B9-83D3-BAD59728032A}.Debug|Any CPU.ActiveCfg = Debug|Any CPU
		{230EF9C6-C385-48B9-83D3-BAD59728032A}.Debug|Any CPU.Build.0 = Debug|Any CPU
		{230EF9C6-C385-48B9-83D3-BAD59728032A}.Release|Any CPU.ActiveCfg = Release|Any CPU
		{230EF9C6-C385-48B9-83D3-BAD59728032A}.Release|Any CPU.Build.0 = Release|Any CPU
	EndGlobalSection
	GlobalSection(SolutionProperties) = preSolution
		HideSolutionNode = FALSE
	EndGlobalSection
	GlobalSection(ExtensibilityGlobals) = postSolution
		SolutionGuid = {C230FD9B-4125-4C95-9779-26410A39C85A}
	EndGlobalSection
EndGlobal
